
Microsoft Visual Studio Solution File, Format Version 11.00
# Visual Studio 2010
Project("{FAE04EC0-301F-11D3-BF4B-00C04F79EFBC}") = "QTD", "QTD\QTD\QTD.csproj", "{AC876256-F25D-4D7A-A8C3-2F04AB6FEE36}"
EndProject
Project("{96E2B04D-8817-42C6-938A-82C39BA4D311}") = "QTDContent", "QTD\QTDContent\QTDContent.contentproj", "{F5C73437-D8C2-4E0B-8FF6-09C652A79C11}"
EndProject
Global
	GlobalSection(SolutionConfigurationPlatforms) = preSolution
		Debug|x86 = Debug|x86
		Release|x86 = Release|x86
	EndGlobalSection
	GlobalSection(ProjectConfigurationPlatforms) = postSolution
		{AC876256-F25D-4D7A-A8C3-2F04AB6FEE36}.Debug|x86.ActiveCfg = Debug|x86
		{AC876256-F25D-4D7A-A8C3-2F04AB6FEE36}.Debug|x86.Build.0 = Debug|x86
		{AC876256-F25D-4D7A-A8C3-2F04AB6FEE36}.Release|x86.ActiveCfg = Release|x86
		{AC876256-F25D-4D7A-A8C3-2F04AB6FEE36}.Release|x86.Build.0 = Release|x86
		{F5C73437-D8C2-4E0B-8FF6-09C652A79C11}.Debug|x86.ActiveCfg = Debug|x86
		{F5C73437-D8C2-4E0B-8FF6-09C652A79C11}.Release|x86.ActiveCfg = Release|x86
	EndGlobalSection
	GlobalSection(SolutionProperties) = preSolution
		HideSolutionNode = FALSE
	EndGlobalSection
EndGlobal
